
Microsoft Visual Studio Solution File, Format Version 12.00
# Visual Studio Version 17
VisualStudioVersion = 17.3.32819.101
MinimumVisualStudioVersion = 10.0.40219.1
Project("{FAE04EC0-301F-11D3-BF4B-00C04F79EFBC}") = "Group7_FeelingBrew_Final_Project", "Group7_FeelingBrew_Final_Project\Group7_FeelingBrew_Final_Project.csproj", "{35EE2746-AF79-4378-AD59-B11A7B56338C}"
EndProject
Global
	GlobalSection(SolutionConfigurationPlatforms) = preSolution
		Debug|Any CPU = Debug|Any CPU
		Release|Any CPU = Release|Any CPU
	EndGlobalSection
	GlobalSection(ProjectConfigurationPlatforms) = postSolution
		{35EE2746-AF79-4378-AD59-B11A7B56338C}.Debug|Any CPU.ActiveCfg = Debug|Any CPU
		{35EE2746-AF79-4378-AD59-B11A7B56338C}.Debug|Any CPU.Build.0 = Debug|Any CPU
		{35EE2746-AF79-4378-AD59-B11A7B56338C}.Release|Any CPU.ActiveCfg = Release|Any CPU
		{35EE2746-AF79-4378-AD59-B11A7B56338C}.Release|Any CPU.Build.0 = Release|Any CPU
	EndGlobalSection
	GlobalSection(SolutionProperties) = preSolution
		HideSolutionNode = FALSE
	EndGlobalSection
	GlobalSection(ExtensibilityGlobals) = postSolution
		SolutionGuid = {F405A196-4694-4F69-ACFB-08CED7AE6420}
	EndGlobalSection
EndGlobal
